
Microsoft Visual Studio Solution File, Format Version 12.00
# Visual Studio Version 17
VisualStudioVersion = 17.4.33213.308
MinimumVisualStudioVersion = 10.0.40219.1
Project("{FAE04EC0-301F-11D3-BF4B-00C04F79EFBC}") = "QuanLyKho", "QuanLyKho\QuanLyKho.csproj", "{C87A9388-F3CA-446B-BCC4-6E0B21174A3C}"
EndProject
Global
	GlobalSection(SolutionConfigurationPlatforms) = preSolution
		Debug|Any CPU = Debug|Any CPU
		Release|Any CPU = Release|Any CPU
	EndGlobalSection
	GlobalSection(ProjectConfigurationPlatforms) = postSolution
		{C87A9388-F3CA-446B-BCC4-6E0B21174A3C}.Debug|Any CPU.ActiveCfg = Debug|Any CPU
		{C87A9388-F3CA-446B-BCC4-6E0B21174A3C}.Debug|Any CPU.Build.0 = Debug|Any CPU
		{C87A9388-F3CA-446B-BCC4-6E0B21174A3C}.Release|Any CPU.ActiveCfg = Release|Any CPU
		{C87A9388-F3CA-446B-BCC4-6E0B21174A3C}.Release|Any CPU.Build.0 = Release|Any CPU
	EndGlobalSection
	GlobalSection(SolutionProperties) = preSolution
		HideSolutionNode = FALSE
	EndGlobalSection
	GlobalSection(ExtensibilityGlobals) = postSolution
		SolutionGuid = {2C3A18BF-EA93-4EBB-B3DA-0DE4DD698C19}
	EndGlobalSection
EndGlobal
